// !$*UTF8*$!
{
	archiveVersion = 1;
	classes = {
	};
	objectVersion = 46;
	objects = {

/* Begin PBXBuildFile section */
		EC90169F14BB629F00EF52E1 /* UIKit.framework in Frameworks */ = {isa = PBXBuildFile; fileRef = EC90169E14BB629F00EF52E1 /* UIKit.framework */; };
		EC9016A114BB629F00EF52E1 /* Foundation.framework in Frameworks */ = {isa = PBXBuildFile; fileRef = EC9016A014BB629F00EF52E1 /* Foundation.framework */; };
		EC9016A314BB629F00EF52E1 /* CoreGraphics.framework in Frameworks */ = {isa = PBXBuildFile; fileRef = EC9016A214BB629F00EF52E1 /* CoreGraphics.framework */; };
		EC9016A914BB629F00EF52E1 /* InfoPlist.strings in Resources */ = {isa = PBXBuildFile; fileRef = EC9016A714BB629F00EF52E1 /* InfoPlist.strings */; };
		EC9016AB14BB629F00EF52E1 /* main.m in Sources */ = {isa = PBXBuildFile; fileRef = EC9016AA14BB629F00EF52E1 /* main.m */; };
		EC9016AF14BB629F00EF52E1 /* BlockAlertsDemoAppDelegate.m in Sources */ = {isa = PBXBuildFile; fileRef = EC9016AE14BB629F00EF52E1 /* BlockAlertsDemoAppDelegate.m */; };
		EC9016B214BB629F00EF52E1 /* BlockAlertsDemoViewController.m in Sources */ = {isa = PBXBuildFile; fileRef = EC9016B114BB629F00EF52E1 /* BlockAlertsDemoViewController.m */; };
		EC9016B514BB629F00EF52E1 /* BlockAlertsDemoViewController.xib in Resources */ = {isa = PBXBuildFile; fileRef = EC9016B314BB629F00EF52E1 /* BlockAlertsDemoViewController.xib */; };
		EC9016E814BB679C00EF52E1 /* action-black-button-selected.png in Resources */ = {isa = PBXBuildFile; fileRef = EC9016D114BB679C00EF52E1 /* action-black-button-selected.png */; };
		EC9016E914BB679C00EF52E1 /* action-black-button-selected@2x.png in Resources */ = {isa = PBXBuildFile; fileRef = EC9016D214BB679C00EF52E1 /* action-black-button-selected@2x.png */; };
		EC9016EA14BB679C00EF52E1 /* action-black-button.png in Resources */ = {isa = PBXBuildFile; fileRef = EC9016D314BB679C00EF52E1 /* action-black-button.png */; };
		EC9016EB14BB679C00EF52E1 /* action-black-button@2x.png in Resources */ = {isa = PBXBuildFile; fileRef = EC9016D414BB679C00EF52E1 /* action-black-button@2x.png */; };
		EC9016EC14BB679C00EF52E1 /* action-gray-button-selected.png in Resources */ = {isa = PBXBuildFile; fileRef = EC9016D514BB679C00EF52E1 /* action-gray-button-selected.png */; };
		EC9016ED14BB679C00EF52E1 /* action-gray-button-selected@2x.png in Resources */ = {isa = PBXBuildFile; fileRef = EC9016D614BB679C00EF52E1 /* action-gray-button-selected@2x.png */; };
		EC9016EE14BB679C00EF52E1 /* action-gray-button.png in Resources */ = {isa = PBXBuildFile; fileRef = EC9016D714BB679C00EF52E1 /* action-gray-button.png */; };
		EC9016EF14BB679C00EF52E1 /* action-gray-button@2x.png in Resources */ = {isa = PBXBuildFile; fileRef = EC9016D814BB679C00EF52E1 /* action-gray-button@2x.png */; };
		EC9016F014BB679C00EF52E1 /* action-red-button-selected.png in Resources */ = {isa = PBXBuildFile; fileRef = EC9016D914BB679C00EF52E1 /* action-red-button-selected.png */; };
		EC9016F114BB679C00EF52E1 /* action-red-button-selected@2x.png in Resources */ = {isa = PBXBuildFile; fileRef = EC9016DA14BB679C00EF52E1 /* action-red-button-selected@2x.png */; };
		EC9016F214BB679C00EF52E1 /* action-red-button.png in Resources */ = {isa = PBXBuildFile; fileRef = EC9016DB14BB679C00EF52E1 /* action-red-button.png */; };
		EC9016F314BB679C00EF52E1 /* action-red-button@2x.png in Resources */ = {isa = PBXBuildFile; fileRef = EC9016DC14BB679C00EF52E1 /* action-red-button@2x.png */; };
		EC9016F414BB679C00EF52E1 /* action-sheet-panel.png in Resources */ = {isa = PBXBuildFile; fileRef = EC9016DD14BB679C00EF52E1 /* action-sheet-panel.png */; };
		EC9016F514BB679C00EF52E1 /* action-sheet-panel@2x.png in Resources */ = {isa = PBXBuildFile; fileRef = EC9016DE14BB679C00EF52E1 /* action-sheet-panel@2x.png */; };
		EC9016F614BB679C00EF52E1 /* alert-black-button.png in Resources */ = {isa = PBXBuildFile; fileRef = EC9016E014BB679C00EF52E1 /* alert-black-button.png */; };
		EC9016F714BB679C00EF52E1 /* alert-black-button@2x.png in Resources */ = {isa = PBXBuildFile; fileRef = EC9016E114BB679C00EF52E1 /* alert-black-button@2x.png */; };
		EC9016F814BB679C00EF52E1 /* alert-gray-button.png in Resources */ = {isa = PBXBuildFile; fileRef = EC9016E214BB679C00EF52E1 /* alert-gray-button.png */; };
		EC9016F914BB679C00EF52E1 /* alert-gray-button@2x.png in Resources */ = {isa = PBXBuildFile; fileRef = EC9016E314BB679C00EF52E1 /* alert-gray-button@2x.png */; };
		EC9016FA14BB679C00EF52E1 /* alert-red-button.png in Resources */ = {isa = PBXBuildFile; fileRef = EC9016E414BB679C00EF52E1 /* alert-red-button.png */; };
		EC9016FB14BB679C00EF52E1 /* alert-red-button@2x.png in Resources */ = {isa = PBXBuildFile; fileRef = EC9016E514BB679C00EF52E1 /* alert-red-button@2x.png */; };
		EC9016FC14BB679C00EF52E1 /* alert-window.png in Resources */ = {isa = PBXBuildFile; fileRef = EC9016E614BB679C00EF52E1 /* alert-window.png */; };
		EC9016FD14BB679C00EF52E1 /* alert-window@2x.png in Resources */ = {isa = PBXBuildFile; fileRef = EC9016E714BB679C00EF52E1 /* alert-window@2x.png */; };
		ECAF5FFB14BE66B00095B359 /* arrived.png in Resources */ = {isa = PBXBuildFile; fileRef = ECAF5FF914BE66B00095B359 /* arrived.png */; };
		ECAF5FFC14BE66B00095B359 /* arrived@2x.png in Resources */ = {isa = PBXBuildFile; fileRef = ECAF5FFA14BE66B00095B359 /* arrived@2x.png */; };
		ECAF600214BE67BB0095B359 /* button_grey.png in Resources */ = {isa = PBXBuildFile; fileRef = ECAF5FFE14BE67BB0095B359 /* button_grey.png */; };
		ECAF600314BE67BB0095B359 /* button_grey@2x.png in Resources */ = {isa = PBXBuildFile; fileRef = ECAF5FFF14BE67BB0095B359 /* button_grey@2x.png */; };
		ECAF600414BE67BB0095B359 /* button_red.png in Resources */ = {isa = PBXBuildFile; fileRef = ECAF600014BE67BB0095B359 /* button_red.png */; };
		ECAF600514BE67BB0095B359 /* button_red@2x.png in Resources */ = {isa = PBXBuildFile; fileRef = ECAF600114BE67BB0095B359 /* button_red@2x.png */; };
		ECFC5EFE14EB1DA4004BFD45 /* BlockActionSheet.m in Sources */ = {isa = PBXBuildFile; fileRef = ECFC5EF714EB1DA4004BFD45 /* BlockActionSheet.m */; };
		ECFC5EFF14EB1DA4004BFD45 /* BlockAlertView.m in Sources */ = {isa = PBXBuildFile; fileRef = ECFC5EF914EB1DA4004BFD45 /* BlockAlertView.m */; };
		ECFC5F0014EB1DA4004BFD45 /* BlockBackground.m in Sources */ = {isa = PBXBuildFile; fileRef = ECFC5EFB14EB1DA4004BFD45 /* BlockBackground.m */; };
		ECFC5F0114EB1DA4004BFD45 /* BlockTextPromptAlertView.m in Sources */ = {isa = PBXBuildFile; fileRef = ECFC5EFD14EB1DA4004BFD45 /* BlockTextPromptAlertView.m */; };
/* End PBXBuildFile section */

/* Begin PBXFileReference section */
		EC90169A14BB629F00EF52E1 /* BlockAlertsDemo.app */ = {isa = PBXFileReference; explicitFileType = wrapper.application; includeInIndex = 0; path = BlockAlertsDemo.app; sourceTree = BUILT_PRODUCTS_DIR; };
		EC90169E14BB629F00EF52E1 /* UIKit.framework */ = {isa = PBXFileReference; lastKnownFileType = wrapper.framework; name = UIKit.framework; path = System/Library/Frameworks/UIKit.framework; sourceTree = SDKROOT; };
		EC9016A014BB629F00EF52E1 /* Foundation.framework */ = {isa = PBXFileReference; lastKnownFileType = wrapper.framework; name = Foundation.framework; path = System/Library/Frameworks/Foundation.framework; sourceTree = SDKROOT; };
		EC9016A214BB629F00EF52E1 /* CoreGraphics.framework */ = {isa = PBXFileReference; lastKnownFileType = wrapper.framework; name = CoreGraphics.framework; path = System/Library/Frameworks/CoreGraphics.framework; sourceTree = SDKROOT; };
		EC9016A614BB629F00EF52E1 /* BlockAlertsDemo-Info.plist */ = {isa = PBXFileReference; lastKnownFileType = text.plist.xml; path = "BlockAlertsDemo-Info.plist"; sourceTree = "<group>"; };
		EC9016A814BB629F00EF52E1 /* en */ = {isa = PBXFileReference; lastKnownFileType = text.plist.strings; name = en; path = en.lproj/InfoPlist.strings; sourceTree = "<group>"; };
		EC9016AA14BB629F00EF52E1 /* main.m */ = {isa = PBXFileReference; lastKnownFileType = sourcecode.c.objc; path = main.m; sourceTree = "<group>"; };
		EC9016AC14BB629F00EF52E1 /* BlockAlertsDemo-Prefix.pch */ = {isa = PBXFileReference; lastKnownFileType = sourcecode.c.h; path = "BlockAlertsDemo-Prefix.pch"; sourceTree = "<group>"; };
		EC9016AD14BB629F00EF52E1 /* BlockAlertsDemoAppDelegate.h */ = {isa = PBXFileReference; lastKnownFileType = sourcecode.c.h; path = BlockAlertsDemoAppDelegate.h; sourceTree = "<group>"; };
		EC9016AE14BB629F00EF52E1 /* BlockAlertsDemoAppDelegate.m */ = {isa = PBXFileReference; lastKnownFileType = sourcecode.c.objc; path = BlockAlertsDemoAppDelegate.m; sourceTree = "<group>"; };
		EC9016B014BB629F00EF52E1 /* BlockAlertsDemoViewController.h */ = {isa = PBXFileReference; lastKnownFileType = sourcecode.c.h; path = BlockAlertsDemoViewController.h; sourceTree = "<group>"; };
		EC9016B114BB629F00EF52E1 /* BlockAlertsDemoViewController.m */ = {isa = PBXFileReference; lastKnownFileType = sourcecode.c.objc; path = BlockAlertsDemoViewController.m; sourceTree = "<group>"; };
		EC9016B414BB629F00EF52E1 /* en */ = {isa = PBXFileReference; lastKnownFileType = file.xib; name = en; path = en.lproj/BlockAlertsDemoViewController.xib; sourceTree = "<group>"; };
		EC9016D114BB679C00EF52E1 /* action-black-button-selected.png */ = {isa = PBXFileReference; lastKnownFileType = image.png; path = "action-black-button-selected.png"; sourceTree = "<group>"; };
		EC9016D214BB679C00EF52E1 /* action-black-button-selected@2x.png */ = {isa = PBXFileReference; lastKnownFileType = image.png; path = "action-black-button-selected@2x.png"; sourceTree = "<group>"; };
		EC9016D314BB679C00EF52E1 /* action-black-button.png */ = {isa = PBXFileReference; lastKnownFileType = image.png; path = "action-black-button.png"; sourceTree = "<group>"; };
		EC9016D414BB679C00EF52E1 /* action-black-button@2x.png */ = {isa = PBXFileReference; lastKnownFileType = image.png; path = "action-black-button@2x.png"; sourceTree = "<group>"; };
		EC9016D514BB679C00EF52E1 /* action-gray-button-selected.png */ = {isa = PBXFileReference; lastKnownFileType = image.png; path = "action-gray-button-selected.png"; sourceTree = "<group>"; };
		EC9016D614BB679C00EF52E1 /* action-gray-button-selected@2x.png */ = {isa = PBXFileReference; lastKnownFileType = image.png; path = "action-gray-button-selected@2x.png"; sourceTree = "<group>"; };
		EC9016D714BB679C00EF52E1 /* action-gray-button.png */ = {isa = PBXFileReference; lastKnownFileType = image.png; path = "action-gray-button.png"; sourceTree = "<group>"; };
		EC9016D814BB679C00EF52E1 /* action-gray-button@2x.png */ = {isa = PBXFileReference; lastKnownFileType = image.png; path = "action-gray-button@2x.png"; sourceTree = "<group>"; };
		EC9016D914BB679C00EF52E1 /* action-red-button-selected.png */ = {isa = PBXFileReference; lastKnownFileType = image.png; path = "action-red-button-selected.png"; sourceTree = "<group>"; };
		EC9016DA14BB679C00EF52E1 /* action-red-button-selected@2x.png */ = {isa = PBXFileReference; lastKnownFileType = image.png; path = "action-red-button-selected@2x.png"; sourceTree = "<group>"; };
		EC9016DB14BB679C00EF52E1 /* action-red-button.png */ = {isa = PBXFileReference; lastKnownFileType = image.png; path = "action-red-button.png"; sourceTree = "<group>"; };
		EC9016DC14BB679C00EF52E1 /* action-red-button@2x.png */ = {isa = PBXFileReference; lastKnownFileType = image.png; path = "action-red-button@2x.png"; sourceTree = "<group>"; };
		EC9016DD14BB679C00EF52E1 /* action-sheet-panel.png */ = {isa = PBXFileReference; lastKnownFileType = image.png; path = "action-sheet-panel.png"; sourceTree = "<group>"; };
		EC9016DE14BB679C00EF52E1 /* action-sheet-panel@2x.png */ = {isa = PBXFileReference; lastKnownFileType = image.png; path = "action-sheet-panel@2x.png"; sourceTree = "<group>"; };
		EC9016E014BB679C00EF52E1 /* alert-black-button.png */ = {isa = PBXFileReference; lastKnownFileType = image.png; path = "alert-black-button.png"; sourceTree = "<group>"; };
		EC9016E114BB679C00EF52E1 /* alert-black-button@2x.png */ = {isa = PBXFileReference; lastKnownFileType = image.png; path = "alert-black-button@2x.png"; sourceTree = "<group>"; };
		EC9016E214BB679C00EF52E1 /* alert-gray-button.png */ = {isa = PBXFileReference; lastKnownFileType = image.png; path = "alert-gray-button.png"; sourceTree = "<group>"; };
		EC9016E314BB679C00EF52E1 /* alert-gray-button@2x.png */ = {isa = PBXFileReference; lastKnownFileType = image.png; path = "alert-gray-button@2x.png"; sourceTree = "<group>"; };
		EC9016E414BB679C00EF52E1 /* alert-red-button.png */ = {isa = PBXFileReference; lastKnownFileType = image.png; path = "alert-red-button.png"; sourceTree = "<group>"; };
		EC9016E514BB679C00EF52E1 /* alert-red-button@2x.png */ = {isa = PBXFileReference; lastKnownFileType = image.png; path = "alert-red-button@2x.png"; sourceTree = "<group>"; };
		EC9016E614BB679C00EF52E1 /* alert-window.png */ = {isa = PBXFileReference; lastKnownFileType = image.png; path = "alert-window.png"; sourceTree = "<group>"; };
		EC9016E714BB679C00EF52E1 /* alert-window@2x.png */ = {isa = PBXFileReference; lastKnownFileType = image.png; path = "alert-window@2x.png"; sourceTree = "<group>"; };
		ECAF5FF914BE66B00095B359 /* arrived.png */ = {isa = PBXFileReference; lastKnownFileType = image.png; path = arrived.png; sourceTree = "<group>"; };
		ECAF5FFA14BE66B00095B359 /* arrived@2x.png */ = {isa = PBXFileReference; lastKnownFileType = image.png; path = "arrived@2x.png"; sourceTree = "<group>"; };
		ECAF5FFE14BE67BB0095B359 /* button_grey.png */ = {isa = PBXFileReference; lastKnownFileType = image.png; path = button_grey.png; sourceTree = "<group>"; };
		ECAF5FFF14BE67BB0095B359 /* button_grey@2x.png */ = {isa = PBXFileReference; lastKnownFileType = image.png; path = "button_grey@2x.png"; sourceTree = "<group>"; };
		ECAF600014BE67BB0095B359 /* button_red.png */ = {isa = PBXFileReference; lastKnownFileType = image.png; path = button_red.png; sourceTree = "<group>"; };
		ECAF600114BE67BB0095B359 /* button_red@2x.png */ = {isa = PBXFileReference; lastKnownFileType = image.png; path = "button_red@2x.png"; sourceTree = "<group>"; };
		ECFC5EF414EB1DA4004BFD45 /* BlockUI.h */ = {isa = PBXFileReference; fileEncoding = 4; lastKnownFileType = sourcecode.c.h; path = BlockUI.h; sourceTree = "<group>"; };
		ECFC5EF614EB1DA4004BFD45 /* BlockActionSheet.h */ = {isa = PBXFileReference; fileEncoding = 4; lastKnownFileType = sourcecode.c.h; path = BlockActionSheet.h; sourceTree = "<group>"; };
		ECFC5EF714EB1DA4004BFD45 /* BlockActionSheet.m */ = {isa = PBXFileReference; fileEncoding = 4; lastKnownFileType = sourcecode.c.objc; path = BlockActionSheet.m; sourceTree = "<group>"; };
		ECFC5EF814EB1DA4004BFD45 /* BlockAlertView.h */ = {isa = PBXFileReference; fileEncoding = 4; lastKnownFileType = sourcecode.c.h; path = BlockAlertView.h; sourceTree = "<group>"; };
		ECFC5EF914EB1DA4004BFD45 /* BlockAlertView.m */ = {isa = PBXFileReference; fileEncoding = 4; lastKnownFileType = sourcecode.c.objc; path = BlockAlertView.m; sourceTree = "<group>"; };
		ECFC5EFA14EB1DA4004BFD45 /* BlockBackground.h */ = {isa = PBXFileReference; fileEncoding = 4; lastKnownFileType = sourcecode.c.h; path = BlockBackground.h; sourceTree = "<group>"; };
		ECFC5EFB14EB1DA4004BFD45 /* BlockBackground.m */ = {isa = PBXFileReference; fileEncoding = 4; lastKnownFileType = sourcecode.c.objc; path = BlockBackground.m; sourceTree = "<group>"; };
		ECFC5EFC14EB1DA4004BFD45 /* BlockTextPromptAlertView.h */ = {isa = PBXFileReference; fileEncoding = 4; lastKnownFileType = sourcecode.c.h; path = BlockTextPromptAlertView.h; sourceTree = "<group>"; };
		ECFC5EFD14EB1DA4004BFD45 /* BlockTextPromptAlertView.m */ = {isa = PBXFileReference; fileEncoding = 4; lastKnownFileType = sourcecode.c.objc; path = BlockTextPromptAlertView.m; sourceTree = "<group>"; };
/* End PBXFileReference section */

/* Begin PBXFrameworksBuildPhase section */
		EC90169714BB629F00EF52E1 /* Frameworks */ = {
			isa = PBXFrameworksBuildPhase;
			buildActionMask = 2147483647;
			files = (
				EC90169F14BB629F00EF52E1 /* UIKit.framework in Frameworks */,
				EC9016A114BB629F00EF52E1 /* Foundation.framework in Frameworks */,
				EC9016A314BB629F00EF52E1 /* CoreGraphics.framework in Frameworks */,
			);
			runOnlyForDeploymentPostprocessing = 0;
		};
/* End PBXFrameworksBuildPhase section */

/* Begin PBXGroup section */
		EC90168F14BB629F00EF52E1 = {
			isa = PBXGroup;
			children = (
				EC9016A414BB629F00EF52E1 /* BlockAlertsDemo */,
				EC90169D14BB629F00EF52E1 /* Frameworks */,
				EC90169B14BB629F00EF52E1 /* Products */,
			);
			sourceTree = "<group>";
		};
		EC90169B14BB629F00EF52E1 /* Products */ = {
			isa = PBXGroup;
			children = (
				EC90169A14BB629F00EF52E1 /* BlockAlertsDemo.app */,
			);
			name = Products;
			sourceTree = "<group>";
		};
		EC90169D14BB629F00EF52E1 /* Frameworks */ = {
			isa = PBXGroup;
			children = (
				EC90169E14BB629F00EF52E1 /* UIKit.framework */,
				EC9016A014BB629F00EF52E1 /* Foundation.framework */,
				EC9016A214BB629F00EF52E1 /* CoreGraphics.framework */,
			);
			name = Frameworks;
			sourceTree = "<group>";
		};
		EC9016A414BB629F00EF52E1 /* BlockAlertsDemo */ = {
			isa = PBXGroup;
			children = (
				EC9016AD14BB629F00EF52E1 /* BlockAlertsDemoAppDelegate.h */,
				EC9016AE14BB629F00EF52E1 /* BlockAlertsDemoAppDelegate.m */,
				EC9016B014BB629F00EF52E1 /* BlockAlertsDemoViewController.h */,
				EC9016B114BB629F00EF52E1 /* BlockAlertsDemoViewController.m */,
				EC9016B314BB629F00EF52E1 /* BlockAlertsDemoViewController.xib */,
				ECFC5EF314EB1DA4004BFD45 /* ProjectSpecific */,
				ECFC5EF514EB1DA4004BFD45 /* ToAddToYourProjects */,
				EC9016A514BB629F00EF52E1 /* Supporting Files */,
			);
			path = BlockAlertsDemo;
			sourceTree = "<group>";
		};
		EC9016A514BB629F00EF52E1 /* Supporting Files */ = {
			isa = PBXGroup;
			children = (
				EC9016CF14BB679C00EF52E1 /* images */,
				EC9016A614BB629F00EF52E1 /* BlockAlertsDemo-Info.plist */,
				EC9016A714BB629F00EF52E1 /* InfoPlist.strings */,
				EC9016AA14BB629F00EF52E1 /* main.m */,
				EC9016AC14BB629F00EF52E1 /* BlockAlertsDemo-Prefix.pch */,
			);
			name = "Supporting Files";
			sourceTree = "<group>";
		};
		EC9016CF14BB679C00EF52E1 /* images */ = {
			isa = PBXGroup;
			children = (
				ECAF5FF914BE66B00095B359 /* arrived.png */,
				ECAF5FFA14BE66B00095B359 /* arrived@2x.png */,
				ECAF5FFE14BE67BB0095B359 /* button_grey.png */,
				ECAF5FFF14BE67BB0095B359 /* button_grey@2x.png */,
				ECAF600014BE67BB0095B359 /* button_red.png */,
				ECAF600114BE67BB0095B359 /* button_red@2x.png */,
				EC9016D014BB679C00EF52E1 /* ActionSheet */,
				EC9016DF14BB679C00EF52E1 /* AlertView */,
			);
			path = images;
			sourceTree = "<group>";
		};
		EC9016D014BB679C00EF52E1 /* ActionSheet */ = {
			isa = PBXGroup;
			children = (
				EC9016D114BB679C00EF52E1 /* action-black-button-selected.png */,
				EC9016D214BB679C00EF52E1 /* action-black-button-selected@2x.png */,
				EC9016D314BB679C00EF52E1 /* action-black-button.png */,
				EC9016D414BB679C00EF52E1 /* action-black-button@2x.png */,
				EC9016D514BB679C00EF52E1 /* action-gray-button-selected.png */,
				EC9016D614BB679C00EF52E1 /* action-gray-button-selected@2x.png */,
				EC9016D714BB679C00EF52E1 /* action-gray-button.png */,
				EC9016D814BB679C00EF52E1 /* action-gray-button@2x.png */,
				EC9016D914BB679C00EF52E1 /* action-red-button-selected.png */,
				EC9016DA14BB679C00EF52E1 /* action-red-button-selected@2x.png */,
				EC9016DB14BB679C00EF52E1 /* action-red-button.png */,
				EC9016DC14BB679C00EF52E1 /* action-red-button@2x.png */,
				EC9016DD14BB679C00EF52E1 /* action-sheet-panel.png */,
				EC9016DE14BB679C00EF52E1 /* action-sheet-panel@2x.png */,
			);
			path = ActionSheet;
			sourceTree = "<group>";
		};
		EC9016DF14BB679C00EF52E1 /* AlertView */ = {
			isa = PBXGroup;
			children = (
				EC9016E014BB679C00EF52E1 /* alert-black-button.png */,
				EC9016E114BB679C00EF52E1 /* alert-black-button@2x.png */,
				EC9016E214BB679C00EF52E1 /* alert-gray-button.png */,
				EC9016E314BB679C00EF52E1 /* alert-gray-button@2x.png */,
				EC9016E414BB679C00EF52E1 /* alert-red-button.png */,
				EC9016E514BB679C00EF52E1 /* alert-red-button@2x.png */,
				EC9016E614BB679C00EF52E1 /* alert-window.png */,
				EC9016E714BB679C00EF52E1 /* alert-window@2x.png */,
			);
			path = AlertView;
			sourceTree = "<group>";
		};
		ECFC5EF314EB1DA4004BFD45 /* ProjectSpecific */ = {
			isa = PBXGroup;
			children = (
				ECFC5EF414EB1DA4004BFD45 /* BlockUI.h */,
			);
			path = ProjectSpecific;
			sourceTree = "<group>";
		};
		ECFC5EF514EB1DA4004BFD45 /* ToAddToYourProjects */ = {
			isa = PBXGroup;
			children = (
				ECFC5EF614EB1DA4004BFD45 /* BlockActionSheet.h */,
				ECFC5EF714EB1DA4004BFD45 /* BlockActionSheet.m */,
				ECFC5EF814EB1DA4004BFD45 /* BlockAlertView.h */,
				ECFC5EF914EB1DA4004BFD45 /* BlockAlertView.m */,
				ECFC5EFA14EB1DA4004BFD45 /* BlockBackground.h */,
				ECFC5EFB14EB1DA4004BFD45 /* BlockBackground.m */,
				ECFC5EFC14EB1DA4004BFD45 /* BlockTextPromptAlertView.h */,
				ECFC5EFD14EB1DA4004BFD45 /* BlockTextPromptAlertView.m */,
			);
			path = ToAddToYourProjects;
			sourceTree = "<group>";
		};
/* End PBXGroup section */

/* Begin PBXNativeTarget section */
		EC90169914BB629F00EF52E1 /* BlockAlertsDemo */ = {
			isa = PBXNativeTarget;
			buildConfigurationList = EC9016B814BB629F00EF52E1 /* Build configuration list for PBXNativeTarget "BlockAlertsDemo" */;
			buildPhases = (
				EC90169614BB629F00EF52E1 /* Sources */,
				EC90169714BB629F00EF52E1 /* Frameworks */,
				EC90169814BB629F00EF52E1 /* Resources */,
			);
			buildRules = (
			);
			dependencies = (
			);
			name = BlockAlertsDemo;
			productName = BlockAlertsDemo;
			productReference = EC90169A14BB629F00EF52E1 /* BlockAlertsDemo.app */;
			productType = "com.apple.product-type.application";
		};
/* End PBXNativeTarget section */

/* Begin PBXProject section */
		EC90169114BB629F00EF52E1 /* Project object */ = {
			isa = PBXProject;
			attributes = {
				LastUpgradeCheck = 0420;
				ORGANIZATIONNAME = "CodeCrop Software";
			};
			buildConfigurationList = EC90169414BB629F00EF52E1 /* Build configuration list for PBXProject "BlockAlertsDemo" */;
			compatibilityVersion = "Xcode 3.2";
			developmentRegion = English;
			hasScannedForEncodings = 0;
			knownRegions = (
				en,
			);
			mainGroup = EC90168F14BB629F00EF52E1;
			productRefGroup = EC90169B14BB629F00EF52E1 /* Products */;
			projectDirPath = "";
			projectRoot = "";
			targets = (
				EC90169914BB629F00EF52E1 /* BlockAlertsDemo */,
			);
		};
/* End PBXProject section */

/* Begin PBXResourcesBuildPhase section */
		EC90169814BB629F00EF52E1 /* Resources */ = {
			isa = PBXResourcesBuildPhase;
			buildActionMask = 2147483647;
			files = (
				EC9016A914BB629F00EF52E1 /* InfoPlist.strings in Resources */,
				EC9016B514BB629F00EF52E1 /* BlockAlertsDemoViewController.xib in Resources */,
				EC9016E814BB679C00EF52E1 /* action-black-button-selected.png in Resources */,
				EC9016E914BB679C00EF52E1 /* action-black-button-selected@2x.png in Resources */,
				EC9016EA14BB679C00EF52E1 /* action-black-button.png in Resources */,
				EC9016EB14BB679C00EF52E1 /* action-black-button@2x.png in Resources */,
				EC9016EC14BB679C00EF52E1 /* action-gray-button-selected.png in Resources */,
				EC9016ED14BB679C00EF52E1 /* action-gray-button-selected@2x.png in Resources */,
				EC9016EE14BB679C00EF52E1 /* action-gray-button.png in Resources */,
				EC9016EF14BB679C00EF52E1 /* action-gray-button@2x.png in Resources */,
				EC9016F014BB679C00EF52E1 /* action-red-button-selected.png in Resources */,
				EC9016F114BB679C00EF52E1 /* action-red-button-selected@2x.png in Resources */,
				EC9016F214BB679C00EF52E1 /* action-red-button.png in Resources */,
				EC9016F314BB679C00EF52E1 /* action-red-button@2x.png in Resources */,
				EC9016F414BB679C00EF52E1 /* action-sheet-panel.png in Resources */,
				EC9016F514BB679C00EF52E1 /* action-sheet-panel@2x.png in Resources */,
				EC9016F614BB679C00EF52E1 /* alert-black-button.png in Resources */,
				EC9016F714BB679C00EF52E1 /* alert-black-button@2x.png in Resources */,
				EC9016F814BB679C00EF52E1 /* alert-gray-button.png in Resources */,
				EC9016F914BB679C00EF52E1 /* alert-gray-button@2x.png in Resources */,
				EC9016FA14BB679C00EF52E1 /* alert-red-button.png in Resources */,
				EC9016FB14BB679C00EF52E1 /* alert-red-button@2x.png in Resources */,
				EC9016FC14BB679C00EF52E1 /* alert-window.png in Resources */,
				EC9016FD14BB679C00EF52E1 /* alert-window@2x.png in Resources */,
				ECAF5FFB14BE66B00095B359 /* arrived.png in Resources */,
				ECAF5FFC14BE66B00095B359 /* arrived@2x.png in Resources */,
				ECAF600214BE67BB0095B359 /* button_grey.png in Resources */,
				ECAF600314BE67BB0095B359 /* button_grey@2x.png in Resources */,
				ECAF600414BE67BB0095B359 /* button_red.png in Resources */,
				ECAF600514BE67BB0095B359 /* button_red@2x.png in Resources */,
			);
			runOnlyForDeploymentPostprocessing = 0;
		};
/* End PBXResourcesBuildPhase section */

/* Begin PBXSourcesBuildPhase section */
		EC90169614BB629F00EF52E1 /* Sources */ = {
			isa = PBXSourcesBuildPhase;
			buildActionMask = 2147483647;
			files = (
				EC9016AB14BB629F00EF52E1 /* main.m in Sources */,
				EC9016AF14BB629F00EF52E1 /* BlockAlertsDemoAppDelegate.m in Sources */,
				EC9016B214BB629F00EF52E1 /* BlockAlertsDemoViewController.m in Sources */,
				ECFC5EFE14EB1DA4004BFD45 /* BlockActionSheet.m in Sources */,
				ECFC5EFF14EB1DA4004BFD45 /* BlockAlertView.m in Sources */,
				ECFC5F0014EB1DA4004BFD45 /* BlockBackground.m in Sources */,
				ECFC5F0114EB1DA4004BFD45 /* BlockTextPromptAlertView.m in Sources */,
			);
			runOnlyForDeploymentPostprocessing = 0;
		};
/* End PBXSourcesBuildPhase section */

/* Begin PBXVariantGroup section */
		EC9016A714BB629F00EF52E1 /* InfoPlist.strings */ = {
			isa = PBXVariantGroup;
			children = (
				EC9016A814BB629F00EF52E1 /* en */,
			);
			name = InfoPlist.strings;
			sourceTree = "<group>";
		};
		EC9016B314BB629F00EF52E1 /* BlockAlertsDemoViewController.xib */ = {
			isa = PBXVariantGroup;
			children = (
				EC9016B414BB629F00EF52E1 /* en */,
			);
			name = BlockAlertsDemoViewController.xib;
			sourceTree = "<group>";
		};
/* End PBXVariantGroup section */

/* Begin XCBuildConfiguration section */
		EC9016B614BB629F00EF52E1 /* Debug */ = {
			isa = XCBuildConfiguration;
			buildSettings = {
				ALWAYS_SEARCH_USER_PATHS = NO;
				ARCHS = "$(ARCHS_STANDARD_32_BIT)";
				"CODE_SIGN_IDENTITY[sdk=iphoneos*]" = "iPhone Developer";
				COPY_PHASE_STRIP = NO;
				GCC_C_LANGUAGE_STANDARD = gnu99;
				GCC_DYNAMIC_NO_PIC = NO;
				GCC_OPTIMIZATION_LEVEL = 0;
				GCC_PREPROCESSOR_DEFINITIONS = (
					"DEBUG=1",
					"$(inherited)",
				);
				GCC_SYMBOLS_PRIVATE_EXTERN = NO;
				GCC_VERSION = com.apple.compilers.llvm.clang.1_0;
				GCC_WARN_ABOUT_MISSING_PROTOTYPES = YES;
				GCC_WARN_ABOUT_RETURN_TYPE = YES;
				GCC_WARN_UNUSED_VARIABLE = YES;
				IPHONEOS_DEPLOYMENT_TARGET = 5.0;
				SDKROOT = iphoneos;
			};
			name = Debug;
		};
		EC9016B714BB629F00EF52E1 /* Release */ = {
			isa = XCBuildConfiguration;
			buildSettings = {
				ALWAYS_SEARCH_USER_PATHS = NO;
				ARCHS = "$(ARCHS_STANDARD_32_BIT)";
				"CODE_SIGN_IDENTITY[sdk=iphoneos*]" = "iPhone Developer";
				COPY_PHASE_STRIP = YES;
				GCC_C_LANGUAGE_STANDARD = gnu99;
				GCC_VERSION = com.apple.compilers.llvm.clang.1_0;
				GCC_WARN_ABOUT_MISSING_PROTOTYPES = YES;
				GCC_WARN_ABOUT_RETURN_TYPE = YES;
				GCC_WARN_UNUSED_VARIABLE = YES;
				IPHONEOS_DEPLOYMENT_TARGET = 5.0;
				OTHER_CFLAGS = "-DNS_BLOCK_ASSERTIONS=1";
				SDKROOT = iphoneos;
				VALIDATE_PRODUCT = YES;
			};
			name = Release;
		};
		EC9016B914BB629F00EF52E1 /* Debug */ = {
			isa = XCBuildConfiguration;
			buildSettings = {
				GCC_PRECOMPILE_PREFIX_HEADER = YES;
				GCC_PREFIX_HEADER = "BlockAlertsDemo/BlockAlertsDemo-Prefix.pch";
				INFOPLIST_FILE = "BlockAlertsDemo/BlockAlertsDemo-Info.plist";
				IPHONEOS_DEPLOYMENT_TARGET = 5.0;
				PRODUCT_NAME = "$(TARGET_NAME)";
				TARGETED_DEVICE_FAMILY = "1,2";
				WRAPPER_EXTENSION = app;
			};
			name = Debug;
		};
		EC9016BA14BB629F00EF52E1 /* Release */ = {
			isa = XCBuildConfiguration;
			buildSettings = {
				GCC_PRECOMPILE_PREFIX_HEADER = YES;
				GCC_PREFIX_HEADER = "BlockAlertsDemo/BlockAlertsDemo-Prefix.pch";
				INFOPLIST_FILE = "BlockAlertsDemo/BlockAlertsDemo-Info.plist";
				IPHONEOS_DEPLOYMENT_TARGET = 5.0;
				PRODUCT_NAME = "$(TARGET_NAME)";
				TARGETED_DEVICE_FAMILY = "1,2";
				WRAPPER_EXTENSION = app;
			};
			name = Release;
		};
/* End XCBuildConfiguration section */

/* Begin XCConfigurationList section */
		EC90169414BB629F00EF52E1 /* Build configuration list for PBXProject "BlockAlertsDemo" */ = {
			isa = XCConfigurationList;
			buildConfigurations = (
				EC9016B614BB629F00EF52E1 /* Debug */,
				EC9016B714BB629F00EF52E1 /* Release */,
			);
			defaultConfigurationIsVisible = 0;
			defaultConfigurationName = Release;
		};
		EC9016B814BB629F00EF52E1 /* Build configuration list for PBXNativeTarget "BlockAlertsDemo" */ = {
			isa = XCConfigurationList;
			buildConfigurations = (
				EC9016B914BB629F00EF52E1 /* Debug */,
				EC9016BA14BB629F00EF52E1 /* Release */,
			);
			defaultConfigurationIsVisible = 0;
			defaultConfigurationName = Release;
		};
/* End XCConfigurationList section */
	};
	rootObject = EC90169114BB629F00EF52E1 /* Project object */;
}
